// !$*UTF8*$!
{
	archiveVersion = 1;
	classes = {
	};
	objectVersion = 55;
	objects = {

/* Begin PBXBuildFile section */
		2A27F83AC14BFD935B396D6D /* Pods_Examen_iOS_SERTI.framework in Frameworks */ = {isa = PBXBuildFile; fileRef = 792CF04292611FDC4DDC37B4 /* Pods_Examen_iOS_SERTI.framework */; };
		8452E92A28ABF65700483F87 /* Alamofire in Frameworks */ = {isa = PBXBuildFile; productRef = 8452E92928ABF65700483F87 /* Alamofire */; };
		8452E92C28ABF69E00483F87 /* NetworkingProvider.swift in Sources */ = {isa = PBXBuildFile; fileRef = 8452E92B28ABF69E00483F87 /* NetworkingProvider.swift */; };
		8452E93028ABF94F00483F87 /* User.swift in Sources */ = {isa = PBXBuildFile; fileRef = 8452E92F28ABF94F00483F87 /* User.swift */; };
		8452E93228ABFADF00483F87 /* Register.swift in Sources */ = {isa = PBXBuildFile; fileRef = 8452E93128ABFADF00483F87 /* Register.swift */; };
		845C6D1128AAD9DB004F5F86 /* RegisterController.swift in Sources */ = {isa = PBXBuildFile; fileRef = 845C6D1028AAD9DB004F5F86 /* RegisterController.swift */; };
		845C6D1428AB0558004F5F86 /* MyCustomeTableViewCell.swift in Sources */ = {isa = PBXBuildFile; fileRef = 845C6D1228AB0558004F5F86 /* MyCustomeTableViewCell.swift */; };
		845C6D1528AB0558004F5F86 /* MyCustomeTableViewCell.xib in Resources */ = {isa = PBXBuildFile; fileRef = 845C6D1328AB0558004F5F86 /* MyCustomeTableViewCell.xib */; };
		845C6D1728AB0CC0004F5F86 /* TableViewController.swift in Sources */ = {isa = PBXBuildFile; fileRef = 845C6D1628AB0CC0004F5F86 /* TableViewController.swift */; };
		845C6D1928AB2E07004F5F86 /* UserViewController.swift in Sources */ = {isa = PBXBuildFile; fileRef = 845C6D1828AB2E07004F5F86 /* UserViewController.swift */; };
		849A0AFD28AC59140005CB38 /* Kingfisher in Frameworks */ = {isa = PBXBuildFile; productRef = 849A0AFC28AC59140005CB38 /* Kingfisher */; };
		84D5A98728A9F26F00B01229 /* AppDelegate.swift in Sources */ = {isa = PBXBuildFile; fileRef = 84D5A98628A9F26F00B01229 /* AppDelegate.swift */; };
		84D5A98928A9F26F00B01229 /* SceneDelegate.swift in Sources */ = {isa = PBXBuildFile; fileRef = 84D5A98828A9F26F00B01229 /* SceneDelegate.swift */; };
		84D5A98B28A9F26F00B01229 /* ViewController.swift in Sources */ = {isa = PBXBuildFile; fileRef = 84D5A98A28A9F26F00B01229 /* ViewController.swift */; };
		84D5A98E28A9F26F00B01229 /* Main.storyboard in Resources */ = {isa = PBXBuildFile; fileRef = 84D5A98C28A9F26F00B01229 /* Main.storyboard */; };
		84D5A99128A9F27000B01229 /* Examen_iOS_SERTI.xcdatamodeld in Sources */ = {isa = PBXBuildFile; fileRef = 84D5A98F28A9F27000B01229 /* Examen_iOS_SERTI.xcdatamodeld */; };
		84D5A99328A9F27700B01229 /* Assets.xcassets in Resources */ = {isa = PBXBuildFile; fileRef = 84D5A99228A9F27700B01229 /* Assets.xcassets */; };
		84D5A99628A9F27700B01229 /* LaunchScreen.storyboard in Resources */ = {isa = PBXBuildFile; fileRef = 84D5A99428A9F27700B01229 /* LaunchScreen.storyboard */; };
/* End PBXBuildFile section */

/* Begin PBXFileReference section */
		792CF04292611FDC4DDC37B4 /* Pods_Examen_iOS_SERTI.framework */ = {isa = PBXFileReference; explicitFileType = wrapper.framework; includeInIndex = 0; path = Pods_Examen_iOS_SERTI.framework; sourceTree = BUILT_PRODUCTS_DIR; };
		8452E92B28ABF69E00483F87 /* NetworkingProvider.swift */ = {isa = PBXFileReference; lastKnownFileType = sourcecode.swift; path = NetworkingProvider.swift; sourceTree = "<group>"; };
		8452E92F28ABF94F00483F87 /* User.swift */ = {isa = PBXFileReference; lastKnownFileType = sourcecode.swift; path = User.swift; sourceTree = "<group>"; };
		8452E93128ABFADF00483F87 /* Register.swift */ = {isa = PBXFileReference; lastKnownFileType = sourcecode.swift; path = Register.swift; sourceTree = "<group>"; };
		845C6D1028AAD9DB004F5F86 /* RegisterController.swift */ = {isa = PBXFileReference; lastKnownFileType = sourcecode.swift; path = RegisterController.swift; sourceTree = "<group>"; };
		845C6D1228AB0558004F5F86 /* MyCustomeTableViewCell.swift */ = {isa = PBXFileReference; lastKnownFileType = sourcecode.swift; path = MyCustomeTableViewCell.swift; sourceTree = "<group>"; };
		845C6D1328AB0558004F5F86 /* MyCustomeTableViewCell.xib */ = {isa = PBXFileReference; lastKnownFileType = file.xib; path = MyCustomeTableViewCell.xib; sourceTree = "<group>"; };
		845C6D1628AB0CC0004F5F86 /* TableViewController.swift */ = {isa = PBXFileReference; lastKnownFileType = sourcecode.swift; path = TableViewController.swift; sourceTree = "<group>"; };
		845C6D1828AB2E07004F5F86 /* UserViewController.swift */ = {isa = PBXFileReference; lastKnownFileType = sourcecode.swift; path = UserViewController.swift; sourceTree = "<group>"; };
		84D5A98328A9F26F00B01229 /* Examen iOS SERTI.app */ = {isa = PBXFileReference; explicitFileType = wrapper.application; includeInIndex = 0; path = "Examen iOS SERTI.app"; sourceTree = BUILT_PRODUCTS_DIR; };
		84D5A98628A9F26F00B01229 /* AppDelegate.swift */ = {isa = PBXFileReference; lastKnownFileType = sourcecode.swift; path = AppDelegate.swift; sourceTree = "<group>"; };
		84D5A98828A9F26F00B01229 /* SceneDelegate.swift */ = {isa = PBXFileReference; lastKnownFileType = sourcecode.swift; path = SceneDelegate.swift; sourceTree = "<group>"; };
		84D5A98A28A9F26F00B01229 /* ViewController.swift */ = {isa = PBXFileReference; lastKnownFileType = sourcecode.swift; path = ViewController.swift; sourceTree = "<group>"; };
		84D5A98D28A9F26F00B01229 /* Base */ = {isa = PBXFileReference; lastKnownFileType = file.storyboard; name = Base; path = Base.lproj/Main.storyboard; sourceTree = "<group>"; };
		84D5A99028A9F27000B01229 /* Examen_iOS_SERTI.xcdatamodel */ = {isa = PBXFileReference; lastKnownFileType = wrapper.xcdatamodel; path = Examen_iOS_SERTI.xcdatamodel; sourceTree = "<group>"; };
		84D5A99228A9F27700B01229 /* Assets.xcassets */ = {isa = PBXFileReference; lastKnownFileType = folder.assetcatalog; path = Assets.xcassets; sourceTree = "<group>"; };
		84D5A99528A9F27700B01229 /* Base */ = {isa = PBXFileReference; lastKnownFileType = file.storyboard; name = Base; path = Base.lproj/LaunchScreen.storyboard; sourceTree = "<group>"; };
		84D5A99728A9F27700B01229 /* Info.plist */ = {isa = PBXFileReference; lastKnownFileType = text.plist.xml; path = Info.plist; sourceTree = "<group>"; };
		AA17D91799A186036663ECE4 /* Pods-Examen iOS SERTI.debug.xcconfig */ = {isa = PBXFileReference; includeInIndex = 1; lastKnownFileType = text.xcconfig; name = "Pods-Examen iOS SERTI.debug.xcconfig"; path = "Target Support Files/Pods-Examen iOS SERTI/Pods-Examen iOS SERTI.debug.xcconfig"; sourceTree = "<group>"; };
		FF8F1ACB50D361BEC42CC98B /* Pods-Examen iOS SERTI.release.xcconfig */ = {isa = PBXFileReference; includeInIndex = 1; lastKnownFileType = text.xcconfig; name = "Pods-Examen iOS SERTI.release.xcconfig"; path = "Target Support Files/Pods-Examen iOS SERTI/Pods-Examen iOS SERTI.release.xcconfig"; sourceTree = "<group>"; };
/* End PBXFileReference section */

/* Begin PBXFrameworksBuildPhase section */
		84D5A98028A9F26F00B01229 /* Frameworks */ = {
			isa = PBXFrameworksBuildPhase;
			buildActionMask = 2147483647;
			files = (
				849A0AFD28AC59140005CB38 /* Kingfisher in Frameworks */,
				2A27F83AC14BFD935B396D6D /* Pods_Examen_iOS_SERTI.framework in Frameworks */,
				8452E92A28ABF65700483F87 /* Alamofire in Frameworks */,
			);
			runOnlyForDeploymentPostprocessing = 0;
		};
/* End PBXFrameworksBuildPhase section */

/* Begin PBXGroup section */
		3468F81A913AF4D28E18FEA6 /* Pods */ = {
			isa = PBXGroup;
			children = (
				AA17D91799A186036663ECE4 /* Pods-Examen iOS SERTI.debug.xcconfig */,
				FF8F1ACB50D361BEC42CC98B /* Pods-Examen iOS SERTI.release.xcconfig */,
			);
			path = Pods;
			sourceTree = "<group>";
		};
		8452E92D28ABF90E00483F87 /* Network */ = {
			isa = PBXGroup;
			children = (
				8452E92E28ABF92E00483F87 /* Data */,
				8452E92B28ABF69E00483F87 /* NetworkingProvider.swift */,
			);
			path = Network;
			sourceTree = "<group>";
		};
		8452E92E28ABF92E00483F87 /* Data */ = {
			isa = PBXGroup;
			children = (
				8452E92F28ABF94F00483F87 /* User.swift */,
				8452E93128ABFADF00483F87 /* Register.swift */,
			);
			path = Data;
			sourceTree = "<group>";
		};
		84D5A97A28A9F26F00B01229 = {
			isa = PBXGroup;
			children = (
				84D5A98528A9F26F00B01229 /* Examen iOS SERTI */,
				84D5A98428A9F26F00B01229 /* Products */,
				3468F81A913AF4D28E18FEA6 /* Pods */,
				CCE96C5F4304CFB057EFC899 /* Frameworks */,
			);
			sourceTree = "<group>";
		};
		84D5A98428A9F26F00B01229 /* Products */ = {
			isa = PBXGroup;
			children = (
				84D5A98328A9F26F00B01229 /* Examen iOS SERTI.app */,
			);
			name = Products;
			sourceTree = "<group>";
		};
		84D5A98528A9F26F00B01229 /* Examen iOS SERTI */ = {
			isa = PBXGroup;
			children = (
				84D5A98628A9F26F00B01229 /* AppDelegate.swift */,
				84D5A98828A9F26F00B01229 /* SceneDelegate.swift */,
				84D5A98A28A9F26F00B01229 /* ViewController.swift */,
				84D5A98C28A9F26F00B01229 /* Main.storyboard */,
				84D5A99228A9F27700B01229 /* Assets.xcassets */,
				84D5A99428A9F27700B01229 /* LaunchScreen.storyboard */,
				84D5A99728A9F27700B01229 /* Info.plist */,
				84D5A98F28A9F27000B01229 /* Examen_iOS_SERTI.xcdatamodeld */,
				845C6D1028AAD9DB004F5F86 /* RegisterController.swift */,
				845C6D1228AB0558004F5F86 /* MyCustomeTableViewCell.swift */,
				845C6D1328AB0558004F5F86 /* MyCustomeTableViewCell.xib */,
				845C6D1628AB0CC0004F5F86 /* TableViewController.swift */,
				845C6D1828AB2E07004F5F86 /* UserViewController.swift */,
				8452E92D28ABF90E00483F87 /* Network */,
			);
			path = "Examen iOS SERTI";
			sourceTree = "<group>";
		};
		CCE96C5F4304CFB057EFC899 /* Frameworks */ = {
			isa = PBXGroup;
			children = (
				792CF04292611FDC4DDC37B4 /* Pods_Examen_iOS_SERTI.framework */,
			);
			name = Frameworks;
			sourceTree = "<group>";
		};
/* End PBXGroup section */

/* Begin PBXNativeTarget section */
		84D5A98228A9F26F00B01229 /* Examen iOS SERTI */ = {
			isa = PBXNativeTarget;
			buildConfigurationList = 84D5A99A28A9F27700B01229 /* Build configuration list for PBXNativeTarget "Examen iOS SERTI" */;
			buildPhases = (
				C008F1F7834356806262595D /* [CP] Check Pods Manifest.lock */,
				84D5A97F28A9F26F00B01229 /* Sources */,
				84D5A98028A9F26F00B01229 /* Frameworks */,
				84D5A98128A9F26F00B01229 /* Resources */,
				72676232CE4194CAC8700AA2 /* [CP] Embed Pods Frameworks */,
			);
			buildRules = (
			);
			dependencies = (
			);
			name = "Examen iOS SERTI";
			packageProductDependencies = (
				8452E92928ABF65700483F87 /* Alamofire */,
				849A0AFC28AC59140005CB38 /* Kingfisher */,
			);
			productName = "Examen iOS SERTI";
			productReference = 84D5A98328A9F26F00B01229 /* Examen iOS SERTI.app */;
			productType = "com.apple.product-type.application";
		};
/* End PBXNativeTarget section */

/* Begin PBXProject section */
		84D5A97B28A9F26F00B01229 /* Project object */ = {
			isa = PBXProject;
			attributes = {
				BuildIndependentTargetsInParallel = 1;
				LastSwiftUpdateCheck = 1340;
				LastUpgradeCheck = 1340;
				TargetAttributes = {
					84D5A98228A9F26F00B01229 = {
						CreatedOnToolsVersion = 13.4.1;
					};
				};
			};
			buildConfigurationList = 84D5A97E28A9F26F00B01229 /* Build configuration list for PBXProject "Examen iOS SERTI" */;
			compatibilityVersion = "Xcode 13.0";
			developmentRegion = en;
			hasScannedForEncodings = 0;
			knownRegions = (
				en,
				Base,
			);
			mainGroup = 84D5A97A28A9F26F00B01229;
			packageReferences = (
				8452E92828ABF65700483F87 /* XCRemoteSwiftPackageReference "Alamofire" */,
				849A0AFB28AC59140005CB38 /* XCRemoteSwiftPackageReference "Kingfisher" */,
			);
			productRefGroup = 84D5A98428A9F26F00B01229 /* Products */;
			projectDirPath = "";
			projectRoot = "";
			targets = (
				84D5A98228A9F26F00B01229 /* Examen iOS SERTI */,
			);
		};
/* End PBXProject section */

/* Begin PBXResourcesBuildPhase section */
		84D5A98128A9F26F00B01229 /* Resources */ = {
			isa = PBXResourcesBuildPhase;
			buildActionMask = 2147483647;
			files = (
				845C6D1528AB0558004F5F86 /* MyCustomeTableViewCell.xib in Resources */,
				84D5A99628A9F27700B01229 /* LaunchScreen.storyboard in Resources */,
				84D5A99328A9F27700B01229 /* Assets.xcassets in Resources */,
				84D5A98E28A9F26F00B01229 /* Main.storyboard in Resources */,
			);
			runOnlyForDeploymentPostprocessing = 0;
		};
/* End PBXResourcesBuildPhase section */

/* Begin PBXShellScriptBuildPhase section */
		72676232CE4194CAC8700AA2 /* [CP] Embed Pods Frameworks */ = {
			isa = PBXShellScriptBuildPhase;
			buildActionMask = 2147483647;
			files = (
			);
			inputFileListPaths = (
				"${PODS_ROOT}/Target Support Files/Pods-Examen iOS SERTI/Pods-Examen iOS SERTI-frameworks-${CONFIGURATION}-input-files.xcfilelist",
			);
			name = "[CP] Embed Pods Frameworks";
			outputFileListPaths = (
				"${PODS_ROOT}/Target Support Files/Pods-Examen iOS SERTI/Pods-Examen iOS SERTI-frameworks-${CONFIGURATION}-output-files.xcfilelist",
			);
			runOnlyForDeploymentPostprocessing = 0;
			shellPath = /bin/sh;
			shellScript = "\"${PODS_ROOT}/Target Support Files/Pods-Examen iOS SERTI/Pods-Examen iOS SERTI-frameworks.sh\"\n";
			showEnvVarsInLog = 0;
		};
		C008F1F7834356806262595D /* [CP] Check Pods Manifest.lock */ = {
			isa = PBXShellScriptBuildPhase;
			buildActionMask = 2147483647;
			files = (
			);
			inputFileListPaths = (
			);
			inputPaths = (
				"${PODS_PODFILE_DIR_PATH}/Podfile.lock",
				"${PODS_ROOT}/Manifest.lock",
			);
			name = "[CP] Check Pods Manifest.lock";
			outputFileListPaths = (
			);
			outputPaths = (
				"$(DERIVED_FILE_DIR)/Pods-Examen iOS SERTI-checkManifestLockResult.txt",
			);
			runOnlyForDeploymentPostprocessing = 0;
			shellPath = /bin/sh;
			shellScript = "diff \"${PODS_PODFILE_DIR_PATH}/Podfile.lock\" \"${PODS_ROOT}/Manifest.lock\" > /dev/null\nif [ $? != 0 ] ; then\n    # print error to STDERR\n    echo \"error: The sandbox is not in sync with the Podfile.lock. Run 'pod install' or update your CocoaPods installation.\" >&2\n    exit 1\nfi\n# This output is used by Xcode 'outputs' to avoid re-running this script phase.\necho \"SUCCESS\" > \"${SCRIPT_OUTPUT_FILE_0}\"\n";
			showEnvVarsInLog = 0;
		};
/* End PBXShellScriptBuildPhase section */

/* Begin PBXSourcesBuildPhase section */
		84D5A97F28A9F26F00B01229 /* Sources */ = {
			isa = PBXSourcesBuildPhase;
			buildActionMask = 2147483647;
			files = (
				845C6D1428AB0558004F5F86 /* MyCustomeTableViewCell.swift in Sources */,
				8452E93228ABFADF00483F87 /* Register.swift in Sources */,
				845C6D1928AB2E07004F5F86 /* UserViewController.swift in Sources */,
				845C6D1728AB0CC0004F5F86 /* TableViewController.swift in Sources */,
				845C6D1128AAD9DB004F5F86 /* RegisterController.swift in Sources */,
				84D5A98B28A9F26F00B01229 /* ViewController.swift in Sources */,
				84D5A98728A9F26F00B01229 /* AppDelegate.swift in Sources */,
				84D5A98928A9F26F00B01229 /* SceneDelegate.swift in Sources */,
				84D5A99128A9F27000B01229 /* Examen_iOS_SERTI.xcdatamodeld in Sources */,
				8452E93028ABF94F00483F87 /* User.swift in Sources */,
				8452E92C28ABF69E00483F87 /* NetworkingProvider.swift in Sources */,
			);
			runOnlyForDeploymentPostprocessing = 0;
		};
/* End PBXSourcesBuildPhase section */

/* Begin PBXVariantGroup section */
		84D5A98C28A9F26F00B01229 /* Main.storyboard */ = {
			isa = PBXVariantGroup;
			children = (
				84D5A98D28A9F26F00B01229 /* Base */,
			);
			name = Main.storyboard;
			sourceTree = "<group>";
		};
		84D5A99428A9F27700B01229 /* LaunchScreen.storyboard */ = {
			isa = PBXVariantGroup;
			children = (
				84D5A99528A9F27700B01229 /* Base */,
			);
			name = LaunchScreen.storyboard;
			sourceTree = "<group>";
		};
/* End PBXVariantGroup section */

/* Begin XCBuildConfiguration section */
		84D5A99828A9F27700B01229 /* Debug */ = {
			isa = XCBuildConfiguration;
			buildSettings = {
				ALWAYS_SEARCH_USER_PATHS = NO;
				CLANG_ANALYZER_NONNULL = YES;
				CLANG_ANALYZER_NUMBER_OBJECT_CONVERSION = YES_AGGRESSIVE;
				CLANG_CXX_LANGUAGE_STANDARD = "gnu++17";
				CLANG_ENABLE_MODULES = YES;
				CLANG_ENABLE_OBJC_ARC = YES;
				CLANG_ENABLE_OBJC_WEAK = YES;
				CLANG_WARN_BLOCK_CAPTURE_AUTORELEASING = YES;
				CLANG_WARN_BOOL_CONVERSION = YES;
				CLANG_WARN_COMMA = YES;
				CLANG_WARN_CONSTANT_CONVERSION = YES;
				CLANG_WARN_DEPRECATED_OBJC_IMPLEMENTATIONS = YES;
				CLANG_WARN_DIRECT_OBJC_ISA_USAGE = YES_ERROR;
				CLANG_WARN_DOCUMENTATION_COMMENTS = YES;
				CLANG_WARN_EMPTY_BODY = YES;
				CLANG_WARN_ENUM_CONVERSION = YES;
				CLANG_WARN_INFINITE_RECURSION = YES;
				CLANG_WARN_INT_CONVERSION = YES;
				CLANG_WARN_NON_LITERAL_NULL_CONVERSION = YES;
				CLANG_WARN_OBJC_IMPLICIT_RETAIN_SELF = YES;
				CLANG_WARN_OBJC_LITERAL_CONVERSION = YES;
				CLANG_WARN_OBJC_ROOT_CLASS = YES_ERROR;
				CLANG_WARN_QUOTED_INCLUDE_IN_FRAMEWORK_HEADER = YES;
				CLANG_WARN_RANGE_LOOP_ANALYSIS = YES;
				CLANG_WARN_STRICT_PROTOTYPES = YES;
				CLANG_WARN_SUSPICIOUS_MOVE = YES;
				CLANG_WARN_UNGUARDED_AVAILABILITY = YES_AGGRESSIVE;
				CLANG_WARN_UNREACHABLE_CODE = YES;
				CLANG_WARN__DUPLICATE_METHOD_MATCH = YES;
				COPY_PHASE_STRIP = NO;
				DEBUG_INFORMATION_FORMAT = dwarf;
				ENABLE_STRICT_OBJC_MSGSEND = YES;
				ENABLE_TESTABILITY = YES;
				GCC_C_LANGUAGE_STANDARD = gnu11;
				GCC_DYNAMIC_NO_PIC = NO;
				GCC_NO_COMMON_BLOCKS = YES;
				GCC_OPTIMIZATION_LEVEL = 0;
				GCC_PREPROCESSOR_DEFINITIONS = (
					"DEBUG=1",
					"$(inherited)",
				);
				GCC_WARN_64_TO_32_BIT_CONVERSION = YES;
				GCC_WARN_ABOUT_RETURN_TYPE = YES_ERROR;
				GCC_WARN_UNDECLARED_SELECTOR = YES;
				GCC_WARN_UNINITIALIZED_AUTOS = YES_AGGRESSIVE;
				GCC_WARN_UNUSED_FUNCTION = YES;
				GCC_WARN_UNUSED_VARIABLE = YES;
				IPHONEOS_DEPLOYMENT_TARGET = 15.5;
				MTL_ENABLE_DEBUG_INFO = INCLUDE_SOURCE;
				MTL_FAST_MATH = YES;
				ONLY_ACTIVE_ARCH = YES;
				SDKROOT = iphoneos;
				SWIFT_ACTIVE_COMPILATION_CONDITIONS = DEBUG;
				SWIFT_OPTIMIZATION_LEVEL = "-Onone";
			};
			name = Debug;
		};
		84D5A99928A9F27700B01229 /* Release */ = {
			isa = XCBuildConfiguration;
			buildSettings = {
				ALWAYS_SEARCH_USER_PATHS = NO;
				CLANG_ANALYZER_NONNULL = YES;
				CLANG_ANALYZER_NUMBER_OBJECT_CONVERSION = YES_AGGRESSIVE;
				CLANG_CXX_LANGUAGE_STANDARD = "gnu++17";
				CLANG_ENABLE_MODULES = YES;
				CLANG_ENABLE_OBJC_ARC = YES;
				CLANG_ENABLE_OBJC_WEAK = YES;
				CLANG_WARN_BLOCK_CAPTURE_AUTORELEASING = YES;
				CLANG_WARN_BOOL_CONVERSION = YES;
				CLANG_WARN_COMMA = YES;
				CLANG_WARN_CONSTANT_CONVERSION = YES;
				CLANG_WARN_DEPRECATED_OBJC_IMPLEMENTATIONS = YES;
				CLANG_WARN_DIRECT_OBJC_ISA_USAGE = YES_ERROR;
				CLANG_WARN_DOCUMENTATION_COMMENTS = YES;
				CLANG_WARN_EMPTY_BODY = YES;
				CLANG_WARN_ENUM_CONVERSION = YES;
				CLANG_WARN_INFINITE_RECURSION = YES;
				CLANG_WARN_INT_CONVERSION = YES;
				CLANG_WARN_NON_LITERAL_NULL_CONVERSION = YES;
				CLANG_WARN_OBJC_IMPLICIT_RETAIN_SELF = YES;
				CLANG_WARN_OBJC_LITERAL_CONVERSION = YES;
				CLANG_WARN_OBJC_ROOT_CLASS = YES_ERROR;
				CLANG_WARN_QUOTED_INCLUDE_IN_FRAMEWORK_HEADER = YES;
				CLANG_WARN_RANGE_LOOP_ANALYSIS = YES;
				CLANG_WARN_STRICT_PROTOTYPES = YES;
				CLANG_WARN_SUSPICIOUS_MOVE = YES;
				CLANG_WARN_UNGUARDED_AVAILABILITY = YES_AGGRESSIVE;
				CLANG_WARN_UNREACHABLE_CODE = YES;
				CLANG_WARN__DUPLICATE_METHOD_MATCH = YES;
				COPY_PHASE_STRIP = NO;
				DEBUG_INFORMATION_FORMAT = "dwarf-with-dsym";
				ENABLE_NS_ASSERTIONS = NO;
				ENABLE_STRICT_OBJC_MSGSEND = YES;
				GCC_C_LANGUAGE_STANDARD = gnu11;
				GCC_NO_COMMON_BLOCKS = YES;
				GCC_WARN_64_TO_32_BIT_CONVERSION = YES;
				GCC_WARN_ABOUT_RETURN_TYPE = YES_ERROR;
				GCC_WARN_UNDECLARED_SELECTOR = YES;
				GCC_WARN_UNINITIALIZED_AUTOS = YES_AGGRESSIVE;
				GCC_WARN_UNUSED_FUNCTION = YES;
				GCC_WARN_UNUSED_VARIABLE = YES;
				IPHONEOS_DEPLOYMENT_TARGET = 15.5;
				MTL_ENABLE_DEBUG_INFO = NO;
				MTL_FAST_MATH = YES;
				SDKROOT = iphoneos;
				SWIFT_COMPILATION_MODE = wholemodule;
				SWIFT_OPTIMIZATION_LEVEL = "-O";
				VALIDATE_PRODUCT = YES;
			};
			name = Release;
		};
		84D5A99B28A9F27700B01229 /* Debug */ = {
			isa = XCBuildConfiguration;
			baseConfigurationReference = AA17D91799A186036663ECE4 /* Pods-Examen iOS SERTI.debug.xcconfig */;
			buildSettings = {
				ASSETCATALOG_COMPILER_APPICON_NAME = AppIcon;
				ASSETCATALOG_COMPILER_GLOBAL_ACCENT_COLOR_NAME = AccentColor;
				CODE_SIGN_STYLE = Automatic;
				CURRENT_PROJECT_VERSION = 1;
				DEVELOPMENT_TEAM = XGY365U55M;
				GENERATE_INFOPLIST_FILE = YES;
				INFOPLIST_FILE = "Examen iOS SERTI/Info.plist";
				INFOPLIST_KEY_UIApplicationSupportsIndirectInputEvents = YES;
				INFOPLIST_KEY_UILaunchStoryboardName = LaunchScreen;
				INFOPLIST_KEY_UIMainStoryboardFile = Main;
				INFOPLIST_KEY_UISupportedInterfaceOrientations_iPad = "UIInterfaceOrientationPortrait UIInterfaceOrientationPortraitUpsideDown UIInterfaceOrientationLandscapeLeft UIInterfaceOrientationLandscapeRight";
				INFOPLIST_KEY_UISupportedInterfaceOrientations_iPhone = "UIInterfaceOrientationPortrait UIInterfaceOrientationLandscapeLeft UIInterfaceOrientationLandscapeRight";
				LD_RUNPATH_SEARCH_PATHS = (
					"$(inherited)",
					"@executable_path/Frameworks",
				);
				MARKETING_VERSION = 1.0;
				PRODUCT_BUNDLE_IDENTIFIER = "com.waxlfc.Examen-iOS-SERTI";
				PRODUCT_NAME = "$(TARGET_NAME)";
				SWIFT_EMIT_LOC_STRINGS = YES;
				SWIFT_VERSION = 5.0;
				TARGETED_DEVICE_FAMILY = "1,2";
			};
			name = Debug;
		};
		84D5A99C28A9F27700B01229 /* Release */ = {
			isa = XCBuildConfiguration;
			baseConfigurationReference = FF8F1ACB50D361BEC42CC98B /* Pods-Examen iOS SERTI.release.xcconfig */;
			buildSettings = {
				ASSETCATALOG_COMPILER_APPICON_NAME = AppIcon;
				ASSETCATALOG_COMPILER_GLOBAL_ACCENT_COLOR_NAME = AccentColor;
				CODE_SIGN_STYLE = Automatic;
				CURRENT_PROJECT_VERSION = 1;
				DEVELOPMENT_TEAM = XGY365U55M;
				GENERATE_INFOPLIST_FILE = YES;
				INFOPLIST_FILE = "Examen iOS SERTI/Info.plist";
				INFOPLIST_KEY_UIApplicationSupportsIndirectInputEvents = YES;
				INFOPLIST_KEY_UILaunchStoryboardName = LaunchScreen;
				INFOPLIST_KEY_UIMainStoryboardFile = Main;
				INFOPLIST_KEY_UISupportedInterfaceOrientations_iPad = "UIInterfaceOrientationPortrait UIInterfaceOrientationPortraitUpsideDown UIInterfaceOrientationLandscapeLeft UIInterfaceOrientationLandscapeRight";
				INFOPLIST_KEY_UISupportedInterfaceOrientations_iPhone = "UIInterfaceOrientationPortrait UIInterfaceOrientationLandscapeLeft UIInterfaceOrientationLandscapeRight";
				LD_RUNPATH_SEARCH_PATHS = (
					"$(inherited)",
					"@executable_path/Frameworks",
				);
				MARKETING_VERSION = 1.0;
				PRODUCT_BUNDLE_IDENTIFIER = "com.waxlfc.Examen-iOS-SERTI";
				PRODUCT_NAME = "$(TARGET_NAME)";
				SWIFT_EMIT_LOC_STRINGS = YES;
				SWIFT_VERSION = 5.0;
				TARGETED_DEVICE_FAMILY = "1,2";
			};
			name = Release;
		};
/* End XCBuildConfiguration section */

/* Begin XCConfigurationList section */
		84D5A97E28A9F26F00B01229 /* Build configuration list for PBXProject "Examen iOS SERTI" */ = {
			isa = XCConfigurationList;
			buildConfigurations = (
				84D5A99828A9F27700B01229 /* Debug */,
				84D5A99928A9F27700B01229 /* Release */,
			);
			defaultConfigurationIsVisible = 0;
			defaultConfigurationName = Release;
		};
		84D5A99A28A9F27700B01229 /* Build configuration list for PBXNativeTarget "Examen iOS SERTI" */ = {
			isa = XCConfigurationList;
			buildConfigurations = (
				84D5A99B28A9F27700B01229 /* Debug */,
				84D5A99C28A9F27700B01229 /* Release */,
			);
			defaultConfigurationIsVisible = 0;
			defaultConfigurationName = Release;
		};
/* End XCConfigurationList section */

/* Begin XCRemoteSwiftPackageReference section */
		8452E92828ABF65700483F87 /* XCRemoteSwiftPackageReference "Alamofire" */ = {
			isa = XCRemoteSwiftPackageReference;
			repositoryURL = "https://github.com/Alamofire/Alamofire.git";
			requirement = {
				kind = upToNextMajorVersion;
				minimumVersion = 5.2.2;
			};
		};
		849A0AFB28AC59140005CB38 /* XCRemoteSwiftPackageReference "Kingfisher" */ = {
			isa = XCRemoteSwiftPackageReference;
			repositoryURL = "https://github.com/onevcat/Kingfisher";
			requirement = {
				kind = upToNextMajorVersion;
				minimumVersion = 7.0.0;
			};
		};
/* End XCRemoteSwiftPackageReference section */

/* Begin XCSwiftPackageProductDependency section */
		8452E92928ABF65700483F87 /* Alamofire */ = {
			isa = XCSwiftPackageProductDependency;
			package = 8452E92828ABF65700483F87 /* XCRemoteSwiftPackageReference "Alamofire" */;
			productName = Alamofire;
		};
		849A0AFC28AC59140005CB38 /* Kingfisher */ = {
			isa = XCSwiftPackageProductDependency;
			package = 849A0AFB28AC59140005CB38 /* XCRemoteSwiftPackageReference "Kingfisher" */;
			productName = Kingfisher;
		};
/* End XCSwiftPackageProductDependency section */

/* Begin XCVersionGroup section */
		84D5A98F28A9F27000B01229 /* Examen_iOS_SERTI.xcdatamodeld */ = {
			isa = XCVersionGroup;
			children = (
				84D5A99028A9F27000B01229 /* Examen_iOS_SERTI.xcdatamodel */,
			);
			currentVersion = 84D5A99028A9F27000B01229 /* Examen_iOS_SERTI.xcdatamodel */;
			path = Examen_iOS_SERTI.xcdatamodeld;
			sourceTree = "<group>";
			versionGroupType = wrapper.xcdatamodel;
		};
/* End XCVersionGroup section */
	};
	rootObject = 84D5A97B28A9F26F00B01229 /* Project object */;
}
